
Microsoft Visual Studio Solution File, Format Version 12.00
# Visual Studio Version 17
VisualStudioVersion = 17.7.34031.279
MinimumVisualStudioVersion = 10.0.40219.1
Project("{FAE04EC0-301F-11D3-BF4B-00C04F79EFBC}") = "Cozastore", "Cozastore.csproj", "{ED24E1F4-9306-4A71-95B2-2B59596A2398}"
EndProject
Global
	GlobalSection(SolutionConfigurationPlatforms) = preSolution
		Debug|Any CPU = Debug|Any CPU
		Release|Any CPU = Release|Any CPU
	EndGlobalSection
	GlobalSection(ProjectConfigurationPlatforms) = postSolution
		{ED24E1F4-9306-4A71-95B2-2B59596A2398}.Debug|Any CPU.ActiveCfg = Debug|Any CPU
		{ED24E1F4-9306-4A71-95B2-2B59596A2398}.Debug|Any CPU.Build.0 = Debug|Any CPU
		{ED24E1F4-9306-4A71-95B2-2B59596A2398}.Release|Any CPU.ActiveCfg = Release|Any CPU
		{ED24E1F4-9306-4A71-95B2-2B59596A2398}.Release|Any CPU.Build.0 = Release|Any CPU
	EndGlobalSection
	GlobalSection(SolutionProperties) = preSolution
		HideSolutionNode = FALSE
	EndGlobalSection
	GlobalSection(ExtensibilityGlobals) = postSolution
		SolutionGuid = {09CAA79B-CD3A-4155-9D8B-D3BC7FAEBD2E}
	EndGlobalSection
EndGlobal
