
Microsoft Visual Studio Solution File, Format Version 12.00
# Visual Studio Version 17
VisualStudioVersion = 17.7.34031.279
MinimumVisualStudioVersion = 10.0.40219.1
Project("{FAE04EC0-301F-11D3-BF4B-00C04F79EFBC}") = "Footwear", "Footwear.csproj", "{EC65FF9B-06BA-421B-82C9-1992667ABDE6}"
EndProject
Global
	GlobalSection(SolutionConfigurationPlatforms) = preSolution
		Debug|Any CPU = Debug|Any CPU
		Release|Any CPU = Release|Any CPU
	EndGlobalSection
	GlobalSection(ProjectConfigurationPlatforms) = postSolution
		{EC65FF9B-06BA-421B-82C9-1992667ABDE6}.Debug|Any CPU.ActiveCfg = Debug|Any CPU
		{EC65FF9B-06BA-421B-82C9-1992667ABDE6}.Debug|Any CPU.Build.0 = Debug|Any CPU
		{EC65FF9B-06BA-421B-82C9-1992667ABDE6}.Release|Any CPU.ActiveCfg = Release|Any CPU
		{EC65FF9B-06BA-421B-82C9-1992667ABDE6}.Release|Any CPU.Build.0 = Release|Any CPU
	EndGlobalSection
	GlobalSection(SolutionProperties) = preSolution
		HideSolutionNode = FALSE
	EndGlobalSection
	GlobalSection(ExtensibilityGlobals) = postSolution
		SolutionGuid = {BC0102E5-7BFA-4CA9-8A8E-3AD0A1E4C1DC}
	EndGlobalSection
EndGlobal
