
Microsoft Visual Studio Solution File, Format Version 12.00
# Visual Studio Version 17
VisualStudioVersion = 17.7.34031.279
MinimumVisualStudioVersion = 10.0.40219.1
Project("{FAE04EC0-301F-11D3-BF4B-00C04F79EFBC}") = "Alazea", "Alazea.csproj", "{40776438-86D6-44F0-8659-61F0F409F63C}"
EndProject
Global
	GlobalSection(SolutionConfigurationPlatforms) = preSolution
		Debug|Any CPU = Debug|Any CPU
		Release|Any CPU = Release|Any CPU
	EndGlobalSection
	GlobalSection(ProjectConfigurationPlatforms) = postSolution
		{40776438-86D6-44F0-8659-61F0F409F63C}.Debug|Any CPU.ActiveCfg = Debug|Any CPU
		{40776438-86D6-44F0-8659-61F0F409F63C}.Debug|Any CPU.Build.0 = Debug|Any CPU
		{40776438-86D6-44F0-8659-61F0F409F63C}.Release|Any CPU.ActiveCfg = Release|Any CPU
		{40776438-86D6-44F0-8659-61F0F409F63C}.Release|Any CPU.Build.0 = Release|Any CPU
	EndGlobalSection
	GlobalSection(SolutionProperties) = preSolution
		HideSolutionNode = FALSE
	EndGlobalSection
	GlobalSection(ExtensibilityGlobals) = postSolution
		SolutionGuid = {A6002204-D664-4807-8354-C9C84F314EA3}
	EndGlobalSection
EndGlobal
